// !$*UTF8*$!
{
	archiveVersion = 1;
	classes = {
	};
	objectVersion = 51;
	objects = {

/* Begin PBXBuildFile section */
		2A2AAD9722CC4A8500A06F51 /* Bolts.framework in Frameworks */ = {isa = PBXBuildFile; fileRef = 2A2AAD9422CC4A8200A06F51 /* Bolts.framework */; };
		2A2AAD9822CC4A8500A06F51 /* FBSDKCoreKit.framework in Frameworks */ = {isa = PBXBuildFile; fileRef = 2A2AAD9522CC4A8400A06F51 /* FBSDKCoreKit.framework */; };
		2A2AAD9922CC4A8500A06F51 /* FBSDKLoginKit.framework in Frameworks */ = {isa = PBXBuildFile; fileRef = 2A2AAD9622CC4A8500A06F51 /* FBSDKLoginKit.framework */; };
		2A4661A022B9E5A300F64393 /* AppDelegate.swift in Sources */ = {isa = PBXBuildFile; fileRef = 2A46619F22B9E5A300F64393 /* AppDelegate.swift */; };
		2A4661A222B9E5A300F64393 /* LogInVC.swift in Sources */ = {isa = PBXBuildFile; fileRef = 2A4661A122B9E5A300F64393 /* LogInVC.swift */; };
		2A4661A522B9E5A300F64393 /* Main.storyboard in Resources */ = {isa = PBXBuildFile; fileRef = 2A4661A322B9E5A300F64393 /* Main.storyboard */; };
		2A4661A822B9E5A300F64393 /* FLChat.xcdatamodeld in Sources */ = {isa = PBXBuildFile; fileRef = 2A4661A622B9E5A300F64393 /* FLChat.xcdatamodeld */; };
		2A4661AA22B9E5A400F64393 /* Assets.xcassets in Resources */ = {isa = PBXBuildFile; fileRef = 2A4661A922B9E5A400F64393 /* Assets.xcassets */; };
		2A4661AD22B9E5A400F64393 /* LaunchScreen.storyboard in Resources */ = {isa = PBXBuildFile; fileRef = 2A4661AB22B9E5A400F64393 /* LaunchScreen.storyboard */; };
		2A4661B822B9E5A400F64393 /* FLChatTests.swift in Sources */ = {isa = PBXBuildFile; fileRef = 2A4661B722B9E5A400F64393 /* FLChatTests.swift */; };
		2A4661C322B9E5A400F64393 /* FLChatUITests.swift in Sources */ = {isa = PBXBuildFile; fileRef = 2A4661C222B9E5A400F64393 /* FLChatUITests.swift */; };
		2A62FDE322DD6B4200D26B16 /* User.swift in Sources */ = {isa = PBXBuildFile; fileRef = 2A62FDE222DD6B4200D26B16 /* User.swift */; };
		2A62FDE522DECF4B00D26B16 /* DesigneImage.swift in Sources */ = {isa = PBXBuildFile; fileRef = 2A62FDE422DECF4B00D26B16 /* DesigneImage.swift */; };
		2A96847022C4653E0047503C /* AuthService.swift in Sources */ = {isa = PBXBuildFile; fileRef = 2A96846F22C4653E0047503C /* AuthService.swift */; };
		2A96847222C46FE20047503C /* Constants.swift in Sources */ = {isa = PBXBuildFile; fileRef = 2A96847122C46FE20047503C /* Constants.swift */; };
		2AA3138222CB02F5000113A4 /* HomeVC.swift in Sources */ = {isa = PBXBuildFile; fileRef = 2AA3138122CB02F5000113A4 /* HomeVC.swift */; };
		2AE20DCA22DC372300779A23 /* DataService.swift in Sources */ = {isa = PBXBuildFile; fileRef = 2AE20DC922DC372300779A23 /* DataService.swift */; };
		3C0ADACD22CCF34800DE069C /* AuthenticationServices.framework in Frameworks */ = {isa = PBXBuildFile; fileRef = 3C0ADACC22CCF34800DE069C /* AuthenticationServices.framework */; };
		3C0DE678230C0FF1006F00E8 /* AddNewFriendsVC.swift in Sources */ = {isa = PBXBuildFile; fileRef = 3C0DE677230C0FF1006F00E8 /* AddNewFriendsVC.swift */; };
		3C0DE67A230C10CB006F00E8 /* AddNewFriendsCell.swift in Sources */ = {isa = PBXBuildFile; fileRef = 3C0DE679230C10CB006F00E8 /* AddNewFriendsCell.swift */; };
		3C104EB0230F731900461F19 /* SelectUserVC.swift in Sources */ = {isa = PBXBuildFile; fileRef = 3C104EAF230F731900461F19 /* SelectUserVC.swift */; };
		3C18D73922C2527B00EA7F18 /* GoogleService-Info.plist in Resources */ = {isa = PBXBuildFile; fileRef = 3C18D73822C2527B00EA7F18 /* GoogleService-Info.plist */; };
		3C2216362314EA7900A8DA0C /* DesigneTextField.swift in Sources */ = {isa = PBXBuildFile; fileRef = 3C2216352314EA7900A8DA0C /* DesigneTextField.swift */; };
		3C2216382315297A00A8DA0C /* MyRequestFriendsVC.swift in Sources */ = {isa = PBXBuildFile; fileRef = 3C2216372315297A00A8DA0C /* MyRequestFriendsVC.swift */; };
		3C22163A231529F800A8DA0C /* MyRequestFriendsCell.swift in Sources */ = {isa = PBXBuildFile; fileRef = 3C221639231529F800A8DA0C /* MyRequestFriendsCell.swift */; };
		3C22163C231531FF00A8DA0C /* RequestFriend.swift in Sources */ = {isa = PBXBuildFile; fileRef = 3C22163B231531FF00A8DA0C /* RequestFriend.swift */; };
		3C2B31FC22BE0F060076FE7C /* ShowHideKeyboard.swift in Sources */ = {isa = PBXBuildFile; fileRef = 3C2B31FB22BE0F060076FE7C /* ShowHideKeyboard.swift */; };
		3C9EB8BD22D5B32F009A1D18 /* DesigneButtons.swift in Sources */ = {isa = PBXBuildFile; fileRef = 3C9EB8BC22D5B32F009A1D18 /* DesigneButtons.swift */; };
		3CAD6FBB230CF24A00F6F464 /* Users.swift in Sources */ = {isa = PBXBuildFile; fileRef = 3CAD6FBA230CF24A00F6F464 /* Users.swift */; };
		3CAD6FBD230D293700F6F464 /* DesigneCollectionView.swift in Sources */ = {isa = PBXBuildFile; fileRef = 3CAD6FBC230D293700F6F464 /* DesigneCollectionView.swift */; };
		3CCB33D622D45E8900EB8656 /* SettingsVC.swift in Sources */ = {isa = PBXBuildFile; fileRef = 3CCB33D522D45E8900EB8656 /* SettingsVC.swift */; };
		3CCB33DC22D4976600EB8656 /* UserDefault+Extension.swift in Sources */ = {isa = PBXBuildFile; fileRef = 3CCB33DB22D4976600EB8656 /* UserDefault+Extension.swift */; };
		3CCB33DE22D4BEA800EB8656 /* SlideInTransiotion.swift in Sources */ = {isa = PBXBuildFile; fileRef = 3CCB33DD22D4BEA800EB8656 /* SlideInTransiotion.swift */; };
		3CCB33E022D4C94400EB8656 /* HomeVC+Extension.swift in Sources */ = {isa = PBXBuildFile; fileRef = 3CCB33DF22D4C94400EB8656 /* HomeVC+Extension.swift */; };
		FCD5D807F31715E274DA4906 /* libPods-FLChat.a in Frameworks */ = {isa = PBXBuildFile; fileRef = 27BA00983289252FB128A1B6 /* libPods-FLChat.a */; };
/* End PBXBuildFile section */

/* Begin PBXContainerItemProxy section */
		2A4661B422B9E5A400F64393 /* PBXContainerItemProxy */ = {
			isa = PBXContainerItemProxy;
			containerPortal = 2A46619422B9E5A200F64393 /* Project object */;
			proxyType = 1;
			remoteGlobalIDString = 2A46619B22B9E5A200F64393;
			remoteInfo = FLChat;
		};
		2A4661BF22B9E5A400F64393 /* PBXContainerItemProxy */ = {
			isa = PBXContainerItemProxy;
			containerPortal = 2A46619422B9E5A200F64393 /* Project object */;
			proxyType = 1;
			remoteGlobalIDString = 2A46619B22B9E5A200F64393;
			remoteInfo = FLChat;
		};
/* End PBXContainerItemProxy section */

/* Begin PBXFileReference section */
		27BA00983289252FB128A1B6 /* libPods-FLChat.a */ = {isa = PBXFileReference; explicitFileType = archive.ar; includeInIndex = 0; path = "libPods-FLChat.a"; sourceTree = BUILT_PRODUCTS_DIR; };
		2A2AAD9422CC4A8200A06F51 /* Bolts.framework */ = {isa = PBXFileReference; lastKnownFileType = wrapper.framework; path = Bolts.framework; sourceTree = "<group>"; };
		2A2AAD9522CC4A8400A06F51 /* FBSDKCoreKit.framework */ = {isa = PBXFileReference; lastKnownFileType = wrapper.framework; path = FBSDKCoreKit.framework; sourceTree = "<group>"; };
		2A2AAD9622CC4A8500A06F51 /* FBSDKLoginKit.framework */ = {isa = PBXFileReference; lastKnownFileType = wrapper.framework; path = FBSDKLoginKit.framework; sourceTree = "<group>"; };
		2A46619C22B9E5A200F64393 /* FLChat.app */ = {isa = PBXFileReference; explicitFileType = wrapper.application; includeInIndex = 0; path = FLChat.app; sourceTree = BUILT_PRODUCTS_DIR; };
		2A46619F22B9E5A300F64393 /* AppDelegate.swift */ = {isa = PBXFileReference; lastKnownFileType = sourcecode.swift; path = AppDelegate.swift; sourceTree = "<group>"; };
		2A4661A122B9E5A300F64393 /* LogInVC.swift */ = {isa = PBXFileReference; lastKnownFileType = sourcecode.swift; path = LogInVC.swift; sourceTree = "<group>"; };
		2A4661A422B9E5A300F64393 /* Base */ = {isa = PBXFileReference; lastKnownFileType = file.storyboard; name = Base; path = Base.lproj/Main.storyboard; sourceTree = "<group>"; };
		2A4661A722B9E5A300F64393 /* FLChat.xcdatamodel */ = {isa = PBXFileReference; lastKnownFileType = wrapper.xcdatamodel; path = FLChat.xcdatamodel; sourceTree = "<group>"; };
		2A4661A922B9E5A400F64393 /* Assets.xcassets */ = {isa = PBXFileReference; lastKnownFileType = folder.assetcatalog; path = Assets.xcassets; sourceTree = "<group>"; };
		2A4661AC22B9E5A400F64393 /* Base */ = {isa = PBXFileReference; lastKnownFileType = file.storyboard; name = Base; path = Base.lproj/LaunchScreen.storyboard; sourceTree = "<group>"; };
		2A4661AE22B9E5A400F64393 /* Info.plist */ = {isa = PBXFileReference; lastKnownFileType = text.plist.xml; path = Info.plist; sourceTree = "<group>"; };
		2A4661B322B9E5A400F64393 /* FLChatTests.xctest */ = {isa = PBXFileReference; explicitFileType = wrapper.cfbundle; includeInIndex = 0; path = FLChatTests.xctest; sourceTree = BUILT_PRODUCTS_DIR; };
		2A4661B722B9E5A400F64393 /* FLChatTests.swift */ = {isa = PBXFileReference; lastKnownFileType = sourcecode.swift; path = FLChatTests.swift; sourceTree = "<group>"; };
		2A4661B922B9E5A400F64393 /* Info.plist */ = {isa = PBXFileReference; lastKnownFileType = text.plist.xml; path = Info.plist; sourceTree = "<group>"; };
		2A4661BE22B9E5A400F64393 /* FLChatUITests.xctest */ = {isa = PBXFileReference; explicitFileType = wrapper.cfbundle; includeInIndex = 0; path = FLChatUITests.xctest; sourceTree = BUILT_PRODUCTS_DIR; };
		2A4661C222B9E5A400F64393 /* FLChatUITests.swift */ = {isa = PBXFileReference; lastKnownFileType = sourcecode.swift; path = FLChatUITests.swift; sourceTree = "<group>"; };
		2A4661C422B9E5A400F64393 /* Info.plist */ = {isa = PBXFileReference; lastKnownFileType = text.plist.xml; path = Info.plist; sourceTree = "<group>"; };
		2A62FDE222DD6B4200D26B16 /* User.swift */ = {isa = PBXFileReference; lastKnownFileType = sourcecode.swift; path = User.swift; sourceTree = "<group>"; };
		2A62FDE422DECF4B00D26B16 /* DesigneImage.swift */ = {isa = PBXFileReference; lastKnownFileType = sourcecode.swift; path = DesigneImage.swift; sourceTree = "<group>"; };
		2A96846F22C4653E0047503C /* AuthService.swift */ = {isa = PBXFileReference; lastKnownFileType = sourcecode.swift; path = AuthService.swift; sourceTree = "<group>"; };
		2A96847122C46FE20047503C /* Constants.swift */ = {isa = PBXFileReference; lastKnownFileType = sourcecode.swift; path = Constants.swift; sourceTree = "<group>"; };
		2AA3138122CB02F5000113A4 /* HomeVC.swift */ = {isa = PBXFileReference; lastKnownFileType = sourcecode.swift; path = HomeVC.swift; sourceTree = "<group>"; };
		2AE20DC922DC372300779A23 /* DataService.swift */ = {isa = PBXFileReference; lastKnownFileType = sourcecode.swift; path = DataService.swift; sourceTree = "<group>"; };
		3C0ADACB22CCF34800DE069C /* FLChat.entitlements */ = {isa = PBXFileReference; lastKnownFileType = text.plist.entitlements; path = FLChat.entitlements; sourceTree = "<group>"; };
		3C0ADACC22CCF34800DE069C /* AuthenticationServices.framework */ = {isa = PBXFileReference; lastKnownFileType = wrapper.framework; name = AuthenticationServices.framework; path = System/Library/Frameworks/AuthenticationServices.framework; sourceTree = SDKROOT; };
		3C0DE677230C0FF1006F00E8 /* AddNewFriendsVC.swift */ = {isa = PBXFileReference; lastKnownFileType = sourcecode.swift; path = AddNewFriendsVC.swift; sourceTree = "<group>"; };
		3C0DE679230C10CB006F00E8 /* AddNewFriendsCell.swift */ = {isa = PBXFileReference; lastKnownFileType = sourcecode.swift; path = AddNewFriendsCell.swift; sourceTree = "<group>"; };
		3C104EAF230F731900461F19 /* SelectUserVC.swift */ = {isa = PBXFileReference; lastKnownFileType = sourcecode.swift; path = SelectUserVC.swift; sourceTree = "<group>"; };
		3C18D73822C2527B00EA7F18 /* GoogleService-Info.plist */ = {isa = PBXFileReference; fileEncoding = 4; lastKnownFileType = text.plist.xml; path = "GoogleService-Info.plist"; sourceTree = "<group>"; };
		3C2216352314EA7900A8DA0C /* DesigneTextField.swift */ = {isa = PBXFileReference; lastKnownFileType = sourcecode.swift; path = DesigneTextField.swift; sourceTree = "<group>"; };
		3C2216372315297A00A8DA0C /* MyRequestFriendsVC.swift */ = {isa = PBXFileReference; lastKnownFileType = sourcecode.swift; path = MyRequestFriendsVC.swift; sourceTree = "<group>"; };
		3C221639231529F800A8DA0C /* MyRequestFriendsCell.swift */ = {isa = PBXFileReference; lastKnownFileType = sourcecode.swift; path = MyRequestFriendsCell.swift; sourceTree = "<group>"; };
		3C22163B231531FF00A8DA0C /* RequestFriend.swift */ = {isa = PBXFileReference; lastKnownFileType = sourcecode.swift; path = RequestFriend.swift; sourceTree = "<group>"; };
		3C2B31FB22BE0F060076FE7C /* ShowHideKeyboard.swift */ = {isa = PBXFileReference; lastKnownFileType = sourcecode.swift; path = ShowHideKeyboard.swift; sourceTree = "<group>"; };
		3C9EB8BC22D5B32F009A1D18 /* DesigneButtons.swift */ = {isa = PBXFileReference; lastKnownFileType = sourcecode.swift; path = DesigneButtons.swift; sourceTree = "<group>"; };
		3CAD6FBA230CF24A00F6F464 /* Users.swift */ = {isa = PBXFileReference; lastKnownFileType = sourcecode.swift; path = Users.swift; sourceTree = "<group>"; };
		3CAD6FBC230D293700F6F464 /* DesigneCollectionView.swift */ = {isa = PBXFileReference; lastKnownFileType = sourcecode.swift; path = DesigneCollectionView.swift; sourceTree = "<group>"; };
		3CCB33D522D45E8900EB8656 /* SettingsVC.swift */ = {isa = PBXFileReference; lastKnownFileType = sourcecode.swift; path = SettingsVC.swift; sourceTree = "<group>"; };
		3CCB33DB22D4976600EB8656 /* UserDefault+Extension.swift */ = {isa = PBXFileReference; lastKnownFileType = sourcecode.swift; path = "UserDefault+Extension.swift"; sourceTree = "<group>"; };
		3CCB33DD22D4BEA800EB8656 /* SlideInTransiotion.swift */ = {isa = PBXFileReference; lastKnownFileType = sourcecode.swift; path = SlideInTransiotion.swift; sourceTree = "<group>"; };
		3CCB33DF22D4C94400EB8656 /* HomeVC+Extension.swift */ = {isa = PBXFileReference; lastKnownFileType = sourcecode.swift; path = "HomeVC+Extension.swift"; sourceTree = "<group>"; };
		589ECA32C45250B69E1326C7 /* Pods-FLChat.release.xcconfig */ = {isa = PBXFileReference; includeInIndex = 1; lastKnownFileType = text.xcconfig; name = "Pods-FLChat.release.xcconfig"; path = "Target Support Files/Pods-FLChat/Pods-FLChat.release.xcconfig"; sourceTree = "<group>"; };
		E0221BF3073E557728DF9AD1 /* Pods-FLChat.debug.xcconfig */ = {isa = PBXFileReference; includeInIndex = 1; lastKnownFileType = text.xcconfig; name = "Pods-FLChat.debug.xcconfig"; path = "Target Support Files/Pods-FLChat/Pods-FLChat.debug.xcconfig"; sourceTree = "<group>"; };
/* End PBXFileReference section */

/* Begin PBXFrameworksBuildPhase section */
		2A46619922B9E5A200F64393 /* Frameworks */ = {
			isa = PBXFrameworksBuildPhase;
			buildActionMask = 2147483647;
			files = (
				FCD5D807F31715E274DA4906 /* libPods-FLChat.a in Frameworks */,
				3C0ADACD22CCF34800DE069C /* AuthenticationServices.framework in Frameworks */,
				2A2AAD9822CC4A8500A06F51 /* FBSDKCoreKit.framework in Frameworks */,
				2A2AAD9922CC4A8500A06F51 /* FBSDKLoginKit.framework in Frameworks */,
				2A2AAD9722CC4A8500A06F51 /* Bolts.framework in Frameworks */,
			);
			runOnlyForDeploymentPostprocessing = 0;
		};
		2A4661B022B9E5A400F64393 /* Frameworks */ = {
			isa = PBXFrameworksBuildPhase;
			buildActionMask = 2147483647;
			files = (
			);
			runOnlyForDeploymentPostprocessing = 0;
		};
		2A4661BB22B9E5A400F64393 /* Frameworks */ = {
			isa = PBXFrameworksBuildPhase;
			buildActionMask = 2147483647;
			files = (
			);
			runOnlyForDeploymentPostprocessing = 0;
		};
/* End PBXFrameworksBuildPhase section */

/* Begin PBXGroup section */
		203979B41C7846796EEC35FE /* Frameworks */ = {
			isa = PBXGroup;
			children = (
				3C0ADACC22CCF34800DE069C /* AuthenticationServices.framework */,
				2A2AAD9422CC4A8200A06F51 /* Bolts.framework */,
				2A2AAD9522CC4A8400A06F51 /* FBSDKCoreKit.framework */,
				2A2AAD9622CC4A8500A06F51 /* FBSDKLoginKit.framework */,
				27BA00983289252FB128A1B6 /* libPods-FLChat.a */,
			);
			name = Frameworks;
			sourceTree = "<group>";
		};
		2A46619322B9E5A200F64393 = {
			isa = PBXGroup;
			children = (
				2A46619E22B9E5A300F64393 /* FLChat */,
				2A4661B622B9E5A400F64393 /* FLChatTests */,
				2A4661C122B9E5A400F64393 /* FLChatUITests */,
				2A46619D22B9E5A200F64393 /* Products */,
				F1FF741F5CDF55DF48C569B3 /* Pods */,
				203979B41C7846796EEC35FE /* Frameworks */,
			);
			sourceTree = "<group>";
		};
		2A46619D22B9E5A200F64393 /* Products */ = {
			isa = PBXGroup;
			children = (
				2A46619C22B9E5A200F64393 /* FLChat.app */,
				2A4661B322B9E5A400F64393 /* FLChatTests.xctest */,
				2A4661BE22B9E5A400F64393 /* FLChatUITests.xctest */,
			);
			name = Products;
			sourceTree = "<group>";
		};
		2A46619E22B9E5A300F64393 /* FLChat */ = {
			isa = PBXGroup;
			children = (
				2A62FDEA22E0987E00D26B16 /* XIBs */,
				3CCB33DA22D496D200EB8656 /* Extentions */,
				3C0ADACB22CCF34800DE069C /* FLChat.entitlements */,
				3C1D3C0F22C4FE32006697EC /* Services */,
				3C2B31FA22BE0EB10076FE7C /* Resources */,
				2A4661D322B9E69000F64393 /* Models */,
				2A4661D222B9E64200F64393 /* CoreData */,
				2A4661D122B9E63100F64393 /* Views */,
				2A4661D022B9E5D200F64393 /* Controllers */,
				2A46619F22B9E5A300F64393 /* AppDelegate.swift */,
				2A4661A322B9E5A300F64393 /* Main.storyboard */,
				2A4661A922B9E5A400F64393 /* Assets.xcassets */,
				2A4661AB22B9E5A400F64393 /* LaunchScreen.storyboard */,
				3C18D73822C2527B00EA7F18 /* GoogleService-Info.plist */,
				2A4661AE22B9E5A400F64393 /* Info.plist */,
			);
			path = FLChat;
			sourceTree = "<group>";
		};
		2A4661B622B9E5A400F64393 /* FLChatTests */ = {
			isa = PBXGroup;
			children = (
				2A4661B722B9E5A400F64393 /* FLChatTests.swift */,
				2A4661B922B9E5A400F64393 /* Info.plist */,
			);
			path = FLChatTests;
			sourceTree = "<group>";
		};
		2A4661C122B9E5A400F64393 /* FLChatUITests */ = {
			isa = PBXGroup;
			children = (
				2A4661C222B9E5A400F64393 /* FLChatUITests.swift */,
				2A4661C422B9E5A400F64393 /* Info.plist */,
			);
			path = FLChatUITests;
			sourceTree = "<group>";
		};
		2A4661D022B9E5D200F64393 /* Controllers */ = {
			isa = PBXGroup;
			children = (
				2A4661A122B9E5A300F64393 /* LogInVC.swift */,
				2AA3138122CB02F5000113A4 /* HomeVC.swift */,
				3CCB33D522D45E8900EB8656 /* SettingsVC.swift */,
				3C0DE677230C0FF1006F00E8 /* AddNewFriendsVC.swift */,
				3C0DE679230C10CB006F00E8 /* AddNewFriendsCell.swift */,
				3C104EAF230F731900461F19 /* SelectUserVC.swift */,
				3C2216372315297A00A8DA0C /* MyRequestFriendsVC.swift */,
				3C221639231529F800A8DA0C /* MyRequestFriendsCell.swift */,
			);
			path = Controllers;
			sourceTree = "<group>";
		};
		2A4661D122B9E63100F64393 /* Views */ = {
			isa = PBXGroup;
			children = (
				3CCB33DD22D4BEA800EB8656 /* SlideInTransiotion.swift */,
				3C9EB8BC22D5B32F009A1D18 /* DesigneButtons.swift */,
				2A62FDE422DECF4B00D26B16 /* DesigneImage.swift */,
				3CAD6FBC230D293700F6F464 /* DesigneCollectionView.swift */,
				3C2216352314EA7900A8DA0C /* DesigneTextField.swift */,
			);
			path = Views;
			sourceTree = "<group>";
		};
		2A4661D222B9E64200F64393 /* CoreData */ = {
			isa = PBXGroup;
			children = (
				2A4661A622B9E5A300F64393 /* FLChat.xcdatamodeld */,
			);
			path = CoreData;
			sourceTree = "<group>";
		};
		2A4661D322B9E69000F64393 /* Models */ = {
			isa = PBXGroup;
			children = (
				2A62FDE222DD6B4200D26B16 /* User.swift */,
				3CAD6FBA230CF24A00F6F464 /* Users.swift */,
				3C22163B231531FF00A8DA0C /* RequestFriend.swift */,
			);
			path = Models;
			sourceTree = "<group>";
		};
		2A62FDEA22E0987E00D26B16 /* XIBs */ = {
			isa = PBXGroup;
			children = (
			);
			path = XIBs;
			sourceTree = "<group>";
		};
		3C1D3C0F22C4FE32006697EC /* Services */ = {
			isa = PBXGroup;
			children = (
				2A96846F22C4653E0047503C /* AuthService.swift */,
				2AE20DC922DC372300779A23 /* DataService.swift */,
			);
			path = Services;
			sourceTree = "<group>";
		};
		3C2B31FA22BE0EB10076FE7C /* Resources */ = {
			isa = PBXGroup;
			children = (
				3C2B31FB22BE0F060076FE7C /* ShowHideKeyboard.swift */,
				2A96847122C46FE20047503C /* Constants.swift */,
			);
			path = Resources;
			sourceTree = "<group>";
		};
		3CCB33DA22D496D200EB8656 /* Extentions */ = {
			isa = PBXGroup;
			children = (
				3CCB33DB22D4976600EB8656 /* UserDefault+Extension.swift */,
				3CCB33DF22D4C94400EB8656 /* HomeVC+Extension.swift */,
			);
			name = Extentions;
			sourceTree = "<group>";
		};
		F1FF741F5CDF55DF48C569B3 /* Pods */ = {
			isa = PBXGroup;
			children = (
				E0221BF3073E557728DF9AD1 /* Pods-FLChat.debug.xcconfig */,
				589ECA32C45250B69E1326C7 /* Pods-FLChat.release.xcconfig */,
			);
			path = Pods;
			sourceTree = "<group>";
		};
/* End PBXGroup section */

/* Begin PBXNativeTarget section */
		2A46619B22B9E5A200F64393 /* FLChat */ = {
			isa = PBXNativeTarget;
			buildConfigurationList = 2A4661C722B9E5A400F64393 /* Build configuration list for PBXNativeTarget "FLChat" */;
			buildPhases = (
				C2BEE0B00CAA12CF29205EA2 /* [CP] Check Pods Manifest.lock */,
				2A46619822B9E5A200F64393 /* Sources */,
				2A46619922B9E5A200F64393 /* Frameworks */,
				2A46619A22B9E5A200F64393 /* Resources */,
				F23ED14E787A57D67136F3ED /* [CP] Copy Pods Resources */,
			);
			buildRules = (
			);
			dependencies = (
			);
			name = FLChat;
			productName = FLChat;
			productReference = 2A46619C22B9E5A200F64393 /* FLChat.app */;
			productType = "com.apple.product-type.application";
		};
		2A4661B222B9E5A400F64393 /* FLChatTests */ = {
			isa = PBXNativeTarget;
			buildConfigurationList = 2A4661CA22B9E5A400F64393 /* Build configuration list for PBXNativeTarget "FLChatTests" */;
			buildPhases = (
				2A4661AF22B9E5A400F64393 /* Sources */,
				2A4661B022B9E5A400F64393 /* Frameworks */,
				2A4661B122B9E5A400F64393 /* Resources */,
			);
			buildRules = (
			);
			dependencies = (
				2A4661B522B9E5A400F64393 /* PBXTargetDependency */,
			);
			name = FLChatTests;
			productName = FLChatTests;
			productReference = 2A4661B322B9E5A400F64393 /* FLChatTests.xctest */;
			productType = "com.apple.product-type.bundle.unit-test";
		};
		2A4661BD22B9E5A400F64393 /* FLChatUITests */ = {
			isa = PBXNativeTarget;
			buildConfigurationList = 2A4661CD22B9E5A400F64393 /* Build configuration list for PBXNativeTarget "FLChatUITests" */;
			buildPhases = (
				2A4661BA22B9E5A400F64393 /* Sources */,
				2A4661BB22B9E5A400F64393 /* Frameworks */,
				2A4661BC22B9E5A400F64393 /* Resources */,
			);
			buildRules = (
			);
			dependencies = (
				2A4661C022B9E5A400F64393 /* PBXTargetDependency */,
			);
			name = FLChatUITests;
			productName = FLChatUITests;
			productReference = 2A4661BE22B9E5A400F64393 /* FLChatUITests.xctest */;
			productType = "com.apple.product-type.bundle.ui-testing";
		};
/* End PBXNativeTarget section */

/* Begin PBXProject section */
		2A46619422B9E5A200F64393 /* Project object */ = {
			isa = PBXProject;
			attributes = {
				LastSwiftUpdateCheck = 1020;
				LastUpgradeCheck = 1020;
				ORGANIZATIONNAME = "losev.feder2711@gmail.com";
				TargetAttributes = {
					2A46619B22B9E5A200F64393 = {
						CreatedOnToolsVersion = 10.2;
						SystemCapabilities = {
							com.apple.AutoFillCredentialProvider = {
								enabled = 1;
							};
							com.apple.Keychain = {
								enabled = 1;
							};
						};
					};
					2A4661B222B9E5A400F64393 = {
						CreatedOnToolsVersion = 10.2;
						TestTargetID = 2A46619B22B9E5A200F64393;
					};
					2A4661BD22B9E5A400F64393 = {
						CreatedOnToolsVersion = 10.2;
						TestTargetID = 2A46619B22B9E5A200F64393;
					};
				};
			};
			buildConfigurationList = 2A46619722B9E5A200F64393 /* Build configuration list for PBXProject "FLChat" */;
			compatibilityVersion = "Xcode 9.3";
			developmentRegion = en;
			hasScannedForEncodings = 0;
			knownRegions = (
				en,
				Base,
			);
			mainGroup = 2A46619322B9E5A200F64393;
			productRefGroup = 2A46619D22B9E5A200F64393 /* Products */;
			projectDirPath = "";
			projectRoot = "";
			targets = (
				2A46619B22B9E5A200F64393 /* FLChat */,
				2A4661B222B9E5A400F64393 /* FLChatTests */,
				2A4661BD22B9E5A400F64393 /* FLChatUITests */,
			);
		};
/* End PBXProject section */

/* Begin PBXResourcesBuildPhase section */
		2A46619A22B9E5A200F64393 /* Resources */ = {
			isa = PBXResourcesBuildPhase;
			buildActionMask = 2147483647;
			files = (
				2A4661AD22B9E5A400F64393 /* LaunchScreen.storyboard in Resources */,
				3C18D73922C2527B00EA7F18 /* GoogleService-Info.plist in Resources */,
				2A4661AA22B9E5A400F64393 /* Assets.xcassets in Resources */,
				2A4661A522B9E5A300F64393 /* Main.storyboard in Resources */,
			);
			runOnlyForDeploymentPostprocessing = 0;
		};
		2A4661B122B9E5A400F64393 /* Resources */ = {
			isa = PBXResourcesBuildPhase;
			buildActionMask = 2147483647;
			files = (
			);
			runOnlyForDeploymentPostprocessing = 0;
		};
		2A4661BC22B9E5A400F64393 /* Resources */ = {
			isa = PBXResourcesBuildPhase;
			buildActionMask = 2147483647;
			files = (
			);
			runOnlyForDeploymentPostprocessing = 0;
		};
/* End PBXResourcesBuildPhase section */

/* Begin PBXShellScriptBuildPhase section */
		C2BEE0B00CAA12CF29205EA2 /* [CP] Check Pods Manifest.lock */ = {
			isa = PBXShellScriptBuildPhase;
			buildActionMask = 2147483647;
			files = (
			);
			inputFileListPaths = (
			);
			inputPaths = (
				"${PODS_PODFILE_DIR_PATH}/Podfile.lock",
				"${PODS_ROOT}/Manifest.lock",
			);
			name = "[CP] Check Pods Manifest.lock";
			outputFileListPaths = (
			);
			outputPaths = (
				"$(DERIVED_FILE_DIR)/Pods-FLChat-checkManifestLockResult.txt",
			);
			runOnlyForDeploymentPostprocessing = 0;
			shellPath = /bin/sh;
			shellScript = "diff \"${PODS_PODFILE_DIR_PATH}/Podfile.lock\" \"${PODS_ROOT}/Manifest.lock\" > /dev/null\nif [ $? != 0 ] ; then\n    # print error to STDERR\n    echo \"error: The sandbox is not in sync with the Podfile.lock. Run 'pod install' or update your CocoaPods installation.\" >&2\n    exit 1\nfi\n# This output is used by Xcode 'outputs' to avoid re-running this script phase.\necho \"SUCCESS\" > \"${SCRIPT_OUTPUT_FILE_0}\"\n";
			showEnvVarsInLog = 0;
		};
		F23ED14E787A57D67136F3ED /* [CP] Copy Pods Resources */ = {
			isa = PBXShellScriptBuildPhase;
			buildActionMask = 2147483647;
			files = (
			);
			inputFileListPaths = (
				"${PODS_ROOT}/Target Support Files/Pods-FLChat/Pods-FLChat-resources-${CONFIGURATION}-input-files.xcfilelist",
			);
			name = "[CP] Copy Pods Resources";
			outputFileListPaths = (
				"${PODS_ROOT}/Target Support Files/Pods-FLChat/Pods-FLChat-resources-${CONFIGURATION}-output-files.xcfilelist",
			);
			runOnlyForDeploymentPostprocessing = 0;
			shellPath = /bin/sh;
			shellScript = "\"${PODS_ROOT}/Target Support Files/Pods-FLChat/Pods-FLChat-resources.sh\"\n";
			showEnvVarsInLog = 0;
		};
/* End PBXShellScriptBuildPhase section */

/* Begin PBXSourcesBuildPhase section */
		2A46619822B9E5A200F64393 /* Sources */ = {
			isa = PBXSourcesBuildPhase;
			buildActionMask = 2147483647;
			files = (
				3CAD6FBB230CF24A00F6F464 /* Users.swift in Sources */,
				3CCB33E022D4C94400EB8656 /* HomeVC+Extension.swift in Sources */,
				2A62FDE522DECF4B00D26B16 /* DesigneImage.swift in Sources */,
				3C0DE67A230C10CB006F00E8 /* AddNewFriendsCell.swift in Sources */,
				2A96847222C46FE20047503C /* Constants.swift in Sources */,
				3CCB33DE22D4BEA800EB8656 /* SlideInTransiotion.swift in Sources */,
				2A96847022C4653E0047503C /* AuthService.swift in Sources */,
				2AE20DCA22DC372300779A23 /* DataService.swift in Sources */,
				3C104EB0230F731900461F19 /* SelectUserVC.swift in Sources */,
				2AA3138222CB02F5000113A4 /* HomeVC.swift in Sources */,
				3C2216362314EA7900A8DA0C /* DesigneTextField.swift in Sources */,
				3CAD6FBD230D293700F6F464 /* DesigneCollectionView.swift in Sources */,
				3C2216382315297A00A8DA0C /* MyRequestFriendsVC.swift in Sources */,
				3C0DE678230C0FF1006F00E8 /* AddNewFriendsVC.swift in Sources */,
				3CCB33DC22D4976600EB8656 /* UserDefault+Extension.swift in Sources */,
				3C22163C231531FF00A8DA0C /* RequestFriend.swift in Sources */,
				3C9EB8BD22D5B32F009A1D18 /* DesigneButtons.swift in Sources */,
				3C2B31FC22BE0F060076FE7C /* ShowHideKeyboard.swift in Sources */,
				2A4661A222B9E5A300F64393 /* LogInVC.swift in Sources */,
				2A4661A022B9E5A300F64393 /* AppDelegate.swift in Sources */,
				3C22163A231529F800A8DA0C /* MyRequestFriendsCell.swift in Sources */,
				2A62FDE322DD6B4200D26B16 /* User.swift in Sources */,
				2A4661A822B9E5A300F64393 /* FLChat.xcdatamodeld in Sources */,
				3CCB33D622D45E8900EB8656 /* SettingsVC.swift in Sources */,
			);
			runOnlyForDeploymentPostprocessing = 0;
		};
		2A4661AF22B9E5A400F64393 /* Sources */ = {
			isa = PBXSourcesBuildPhase;
			buildActionMask = 2147483647;
			files = (
				2A4661B822B9E5A400F64393 /* FLChatTests.swift in Sources */,
			);
			runOnlyForDeploymentPostprocessing = 0;
		};
		2A4661BA22B9E5A400F64393 /* Sources */ = {
			isa = PBXSourcesBuildPhase;
			buildActionMask = 2147483647;
			files = (
				2A4661C322B9E5A400F64393 /* FLChatUITests.swift in Sources */,
			);
			runOnlyForDeploymentPostprocessing = 0;
		};
/* End PBXSourcesBuildPhase section */

/* Begin PBXTargetDependency section */
		2A4661B522B9E5A400F64393 /* PBXTargetDependency */ = {
			isa = PBXTargetDependency;
			target = 2A46619B22B9E5A200F64393 /* FLChat */;
			targetProxy = 2A4661B422B9E5A400F64393 /* PBXContainerItemProxy */;
		};
		2A4661C022B9E5A400F64393 /* PBXTargetDependency */ = {
			isa = PBXTargetDependency;
			target = 2A46619B22B9E5A200F64393 /* FLChat */;
			targetProxy = 2A4661BF22B9E5A400F64393 /* PBXContainerItemProxy */;
		};
/* End PBXTargetDependency section */

/* Begin PBXVariantGroup section */
		2A4661A322B9E5A300F64393 /* Main.storyboard */ = {
			isa = PBXVariantGroup;
			children = (
				2A4661A422B9E5A300F64393 /* Base */,
			);
			name = Main.storyboard;
			sourceTree = "<group>";
		};
		2A4661AB22B9E5A400F64393 /* LaunchScreen.storyboard */ = {
			isa = PBXVariantGroup;
			children = (
				2A4661AC22B9E5A400F64393 /* Base */,
			);
			name = LaunchScreen.storyboard;
			sourceTree = "<group>";
		};
/* End PBXVariantGroup section */

/* Begin XCBuildConfiguration section */
		2A4661C522B9E5A400F64393 /* Debug */ = {
			isa = XCBuildConfiguration;
			buildSettings = {
				ALWAYS_SEARCH_USER_PATHS = NO;
				CLANG_ANALYZER_NONNULL = YES;
				CLANG_ANALYZER_NUMBER_OBJECT_CONVERSION = YES_AGGRESSIVE;
				CLANG_CXX_LANGUAGE_STANDARD = "gnu++14";
				CLANG_CXX_LIBRARY = "libc++";
				CLANG_ENABLE_MODULES = YES;
				CLANG_ENABLE_OBJC_ARC = YES;
				CLANG_ENABLE_OBJC_WEAK = YES;
				CLANG_WARN_BLOCK_CAPTURE_AUTORELEASING = YES;
				CLANG_WARN_BOOL_CONVERSION = YES;
				CLANG_WARN_COMMA = YES;
				CLANG_WARN_CONSTANT_CONVERSION = YES;
				CLANG_WARN_DEPRECATED_OBJC_IMPLEMENTATIONS = YES;
				CLANG_WARN_DIRECT_OBJC_ISA_USAGE = YES_ERROR;
				CLANG_WARN_DOCUMENTATION_COMMENTS = YES;
				CLANG_WARN_EMPTY_BODY = YES;
				CLANG_WARN_ENUM_CONVERSION = YES;
				CLANG_WARN_INFINITE_RECURSION = YES;
				CLANG_WARN_INT_CONVERSION = YES;
				CLANG_WARN_NON_LITERAL_NULL_CONVERSION = YES;
				CLANG_WARN_OBJC_IMPLICIT_RETAIN_SELF = YES;
				CLANG_WARN_OBJC_LITERAL_CONVERSION = YES;
				CLANG_WARN_OBJC_ROOT_CLASS = YES_ERROR;
				CLANG_WARN_RANGE_LOOP_ANALYSIS = YES;
				CLANG_WARN_STRICT_PROTOTYPES = YES;
				CLANG_WARN_SUSPICIOUS_MOVE = YES;
				CLANG_WARN_UNGUARDED_AVAILABILITY = YES_AGGRESSIVE;
				CLANG_WARN_UNREACHABLE_CODE = YES;
				CLANG_WARN__DUPLICATE_METHOD_MATCH = YES;
				CODE_SIGN_IDENTITY = "iPhone Developer";
				COPY_PHASE_STRIP = NO;
				DEBUG_INFORMATION_FORMAT = dwarf;
				ENABLE_STRICT_OBJC_MSGSEND = YES;
				ENABLE_TESTABILITY = YES;
				GCC_C_LANGUAGE_STANDARD = gnu11;
				GCC_DYNAMIC_NO_PIC = NO;
				GCC_NO_COMMON_BLOCKS = YES;
				GCC_OPTIMIZATION_LEVEL = 0;
				GCC_PREPROCESSOR_DEFINITIONS = (
					"DEBUG=1",
					"$(inherited)",
				);
				GCC_WARN_64_TO_32_BIT_CONVERSION = YES;
				GCC_WARN_ABOUT_RETURN_TYPE = YES_ERROR;
				GCC_WARN_UNDECLARED_SELECTOR = YES;
				GCC_WARN_UNINITIALIZED_AUTOS = YES_AGGRESSIVE;
				GCC_WARN_UNUSED_FUNCTION = YES;
				GCC_WARN_UNUSED_VARIABLE = YES;
				IPHONEOS_DEPLOYMENT_TARGET = 12.2;
				MTL_ENABLE_DEBUG_INFO = INCLUDE_SOURCE;
				MTL_FAST_MATH = YES;
				ONLY_ACTIVE_ARCH = YES;
				SDKROOT = iphoneos;
				SWIFT_ACTIVE_COMPILATION_CONDITIONS = DEBUG;
				SWIFT_OPTIMIZATION_LEVEL = "-Onone";
			};
			name = Debug;
		};
		2A4661C622B9E5A400F64393 /* Release */ = {
			isa = XCBuildConfiguration;
			buildSettings = {
				ALWAYS_SEARCH_USER_PATHS = NO;
				CLANG_ANALYZER_NONNULL = YES;
				CLANG_ANALYZER_NUMBER_OBJECT_CONVERSION = YES_AGGRESSIVE;
				CLANG_CXX_LANGUAGE_STANDARD = "gnu++14";
				CLANG_CXX_LIBRARY = "libc++";
				CLANG_ENABLE_MODULES = YES;
				CLANG_ENABLE_OBJC_ARC = YES;
				CLANG_ENABLE_OBJC_WEAK = YES;
				CLANG_WARN_BLOCK_CAPTURE_AUTORELEASING = YES;
				CLANG_WARN_BOOL_CONVERSION = YES;
				CLANG_WARN_COMMA = YES;
				CLANG_WARN_CONSTANT_CONVERSION = YES;
				CLANG_WARN_DEPRECATED_OBJC_IMPLEMENTATIONS = YES;
				CLANG_WARN_DIRECT_OBJC_ISA_USAGE = YES_ERROR;
				CLANG_WARN_DOCUMENTATION_COMMENTS = YES;
				CLANG_WARN_EMPTY_BODY = YES;
				CLANG_WARN_ENUM_CONVERSION = YES;
				CLANG_WARN_INFINITE_RECURSION = YES;
				CLANG_WARN_INT_CONVERSION = YES;
				CLANG_WARN_NON_LITERAL_NULL_CONVERSION = YES;
				CLANG_WARN_OBJC_IMPLICIT_RETAIN_SELF = YES;
				CLANG_WARN_OBJC_LITERAL_CONVERSION = YES;
				CLANG_WARN_OBJC_ROOT_CLASS = YES_ERROR;
				CLANG_WARN_RANGE_LOOP_ANALYSIS = YES;
				CLANG_WARN_STRICT_PROTOTYPES = YES;
				CLANG_WARN_SUSPICIOUS_MOVE = YES;
				CLANG_WARN_UNGUARDED_AVAILABILITY = YES_AGGRESSIVE;
				CLANG_WARN_UNREACHABLE_CODE = YES;
				CLANG_WARN__DUPLICATE_METHOD_MATCH = YES;
				CODE_SIGN_IDENTITY = "iPhone Developer";
				COPY_PHASE_STRIP = NO;
				DEBUG_INFORMATION_FORMAT = "dwarf-with-dsym";
				ENABLE_NS_ASSERTIONS = NO;
				ENABLE_STRICT_OBJC_MSGSEND = YES;
				GCC_C_LANGUAGE_STANDARD = gnu11;
				GCC_NO_COMMON_BLOCKS = YES;
				GCC_WARN_64_TO_32_BIT_CONVERSION = YES;
				GCC_WARN_ABOUT_RETURN_TYPE = YES_ERROR;
				GCC_WARN_UNDECLARED_SELECTOR = YES;
				GCC_WARN_UNINITIALIZED_AUTOS = YES_AGGRESSIVE;
				GCC_WARN_UNUSED_FUNCTION = YES;
				GCC_WARN_UNUSED_VARIABLE = YES;
				IPHONEOS_DEPLOYMENT_TARGET = 12.2;
				MTL_ENABLE_DEBUG_INFO = NO;
				MTL_FAST_MATH = YES;
				SDKROOT = iphoneos;
				SWIFT_COMPILATION_MODE = wholemodule;
				SWIFT_OPTIMIZATION_LEVEL = "-O";
				VALIDATE_PRODUCT = YES;
			};
			name = Release;
		};
		2A4661C822B9E5A400F64393 /* Debug */ = {
			isa = XCBuildConfiguration;
			baseConfigurationReference = E0221BF3073E557728DF9AD1 /* Pods-FLChat.debug.xcconfig */;
			buildSettings = {
				ASSETCATALOG_COMPILER_APPICON_NAME = AppIcon;
				CODE_SIGN_ENTITLEMENTS = FLChat/FLChat.entitlements;
				CODE_SIGN_STYLE = Automatic;
				DEVELOPMENT_TEAM = 7RX34GC5CL;
				FRAMEWORK_SEARCH_PATHS = (
					"$(inherited)",
					"$(PROJECT_DIR)",
				);
				INFOPLIST_FILE = FLChat/Info.plist;
				LD_RUNPATH_SEARCH_PATHS = (
					"$(inherited)",
					"@executable_path/Frameworks",
				);
				PRODUCT_BUNDLE_IDENTIFIER = "losev.feder2711-gmail.com.FLChat";
				PRODUCT_NAME = "$(TARGET_NAME)";
				SWIFT_VERSION = 5.0;
				TARGETED_DEVICE_FAMILY = 1;
			};
			name = Debug;
		};
		2A4661C922B9E5A400F64393 /* Release */ = {
			isa = XCBuildConfiguration;
			baseConfigurationReference = 589ECA32C45250B69E1326C7 /* Pods-FLChat.release.xcconfig */;
			buildSettings = {
				ASSETCATALOG_COMPILER_APPICON_NAME = AppIcon;
				CODE_SIGN_ENTITLEMENTS = FLChat/FLChat.entitlements;
				CODE_SIGN_STYLE = Automatic;
				DEVELOPMENT_TEAM = 7RX34GC5CL;
				FRAMEWORK_SEARCH_PATHS = (
					"$(inherited)",
					"$(PROJECT_DIR)",
				);
				INFOPLIST_FILE = FLChat/Info.plist;
				LD_RUNPATH_SEARCH_PATHS = (
					"$(inherited)",
					"@executable_path/Frameworks",
				);
				PRODUCT_BUNDLE_IDENTIFIER = "losev.feder2711-gmail.com.FLChat";
				PRODUCT_NAME = "$(TARGET_NAME)";
				SWIFT_VERSION = 5.0;
				TARGETED_DEVICE_FAMILY = 1;
			};
			name = Release;
		};
		2A4661CB22B9E5A400F64393 /* Debug */ = {
			isa = XCBuildConfiguration;
			buildSettings = {
				ALWAYS_EMBED_SWIFT_STANDARD_LIBRARIES = YES;
				BUNDLE_LOADER = "$(TEST_HOST)";
				CODE_SIGN_STYLE = Automatic;
				INFOPLIST_FILE = FLChatTests/Info.plist;
				LD_RUNPATH_SEARCH_PATHS = (
					"$(inherited)",
					"@executable_path/Frameworks",
					"@loader_path/Frameworks",
				);
				PRODUCT_BUNDLE_IDENTIFIER = "losev.feder2711-gmail.com.FLChatTests";
				PRODUCT_NAME = "$(TARGET_NAME)";
				SWIFT_VERSION = 5.0;
				TARGETED_DEVICE_FAMILY = "1,2";
				TEST_HOST = "$(BUILT_PRODUCTS_DIR)/FLChat.app/FLChat";
			};
			name = Debug;
		};
		2A4661CC22B9E5A400F64393 /* Release */ = {
			isa = XCBuildConfiguration;
			buildSettings = {
				ALWAYS_EMBED_SWIFT_STANDARD_LIBRARIES = YES;
				BUNDLE_LOADER = "$(TEST_HOST)";
				CODE_SIGN_STYLE = Automatic;
				INFOPLIST_FILE = FLChatTests/Info.plist;
				LD_RUNPATH_SEARCH_PATHS = (
					"$(inherited)",
					"@executable_path/Frameworks",
					"@loader_path/Frameworks",
				);
				PRODUCT_BUNDLE_IDENTIFIER = "losev.feder2711-gmail.com.FLChatTests";
				PRODUCT_NAME = "$(TARGET_NAME)";
				SWIFT_VERSION = 5.0;
				TARGETED_DEVICE_FAMILY = "1,2";
				TEST_HOST = "$(BUILT_PRODUCTS_DIR)/FLChat.app/FLChat";
			};
			name = Release;
		};
		2A4661CE22B9E5A400F64393 /* Debug */ = {
			isa = XCBuildConfiguration;
			buildSettings = {
				ALWAYS_EMBED_SWIFT_STANDARD_LIBRARIES = YES;
				CODE_SIGN_STYLE = Automatic;
				INFOPLIST_FILE = FLChatUITests/Info.plist;
				LD_RUNPATH_SEARCH_PATHS = (
					"$(inherited)",
					"@executable_path/Frameworks",
					"@loader_path/Frameworks",
				);
				PRODUCT_BUNDLE_IDENTIFIER = "losev.feder2711-gmail.com.FLChatUITests";
				PRODUCT_NAME = "$(TARGET_NAME)";
				SWIFT_VERSION = 5.0;
				TARGETED_DEVICE_FAMILY = "1,2";
				TEST_TARGET_NAME = FLChat;
			};
			name = Debug;
		};
		2A4661CF22B9E5A400F64393 /* Release */ = {
			isa = XCBuildConfiguration;
			buildSettings = {
				ALWAYS_EMBED_SWIFT_STANDARD_LIBRARIES = YES;
				CODE_SIGN_STYLE = Automatic;
				INFOPLIST_FILE = FLChatUITests/Info.plist;
				LD_RUNPATH_SEARCH_PATHS = (
					"$(inherited)",
					"@executable_path/Frameworks",
					"@loader_path/Frameworks",
				);
				PRODUCT_BUNDLE_IDENTIFIER = "losev.feder2711-gmail.com.FLChatUITests";
				PRODUCT_NAME = "$(TARGET_NAME)";
				SWIFT_VERSION = 5.0;
				TARGETED_DEVICE_FAMILY = "1,2";
				TEST_TARGET_NAME = FLChat;
			};
			name = Release;
		};
/* End XCBuildConfiguration section */

/* Begin XCConfigurationList section */
		2A46619722B9E5A200F64393 /* Build configuration list for PBXProject "FLChat" */ = {
			isa = XCConfigurationList;
			buildConfigurations = (
				2A4661C522B9E5A400F64393 /* Debug */,
				2A4661C622B9E5A400F64393 /* Release */,
			);
			defaultConfigurationIsVisible = 0;
			defaultConfigurationName = Release;
		};
		2A4661C722B9E5A400F64393 /* Build configuration list for PBXNativeTarget "FLChat" */ = {
			isa = XCConfigurationList;
			buildConfigurations = (
				2A4661C822B9E5A400F64393 /* Debug */,
				2A4661C922B9E5A400F64393 /* Release */,
			);
			defaultConfigurationIsVisible = 0;
			defaultConfigurationName = Release;
		};
		2A4661CA22B9E5A400F64393 /* Build configuration list for PBXNativeTarget "FLChatTests" */ = {
			isa = XCConfigurationList;
			buildConfigurations = (
				2A4661CB22B9E5A400F64393 /* Debug */,
				2A4661CC22B9E5A400F64393 /* Release */,
			);
			defaultConfigurationIsVisible = 0;
			defaultConfigurationName = Release;
		};
		2A4661CD22B9E5A400F64393 /* Build configuration list for PBXNativeTarget "FLChatUITests" */ = {
			isa = XCConfigurationList;
			buildConfigurations = (
				2A4661CE22B9E5A400F64393 /* Debug */,
				2A4661CF22B9E5A400F64393 /* Release */,
			);
			defaultConfigurationIsVisible = 0;
			defaultConfigurationName = Release;
		};
/* End XCConfigurationList section */

/* Begin XCVersionGroup section */
		2A4661A622B9E5A300F64393 /* FLChat.xcdatamodeld */ = {
			isa = XCVersionGroup;
			children = (
				2A4661A722B9E5A300F64393 /* FLChat.xcdatamodel */,
			);
			currentVersion = 2A4661A722B9E5A300F64393 /* FLChat.xcdatamodel */;
			path = FLChat.xcdatamodeld;
			sourceTree = "<group>";
			versionGroupType = wrapper.xcdatamodel;
		};
/* End XCVersionGroup section */
	};
	rootObject = 2A46619422B9E5A200F64393 /* Project object */;
}
